
Microsoft Visual Studio Solution File, Format Version 12.00
# Visual Studio 15
VisualStudioVersion = 15.0.28307.271
MinimumVisualStudioVersion = 10.0.40219.1
Project("{FAE04EC0-301F-11D3-BF4B-00C04F79EFBC}") = "ProyectoED1V2", "ProyectoED1V2\ProyectoED1V2.csproj", "{494F7BED-25B8-43A6-9FE7-6659E526897D}"
EndProject
Global
	GlobalSection(SolutionConfigurationPlatforms) = preSolution
		Debug|Any CPU = Debug|Any CPU
		Release|Any CPU = Release|Any CPU
	EndGlobalSection
	GlobalSection(ProjectConfigurationPlatforms) = postSolution
		{494F7BED-25B8-43A6-9FE7-6659E526897D}.Debug|Any CPU.ActiveCfg = Debug|Any CPU
		{494F7BED-25B8-43A6-9FE7-6659E526897D}.Debug|Any CPU.Build.0 = Debug|Any CPU
		{494F7BED-25B8-43A6-9FE7-6659E526897D}.Release|Any CPU.ActiveCfg = Release|Any CPU
		{494F7BED-25B8-43A6-9FE7-6659E526897D}.Release|Any CPU.Build.0 = Release|Any CPU
	EndGlobalSection
	GlobalSection(SolutionProperties) = preSolution
		HideSolutionNode = FALSE
	EndGlobalSection
	GlobalSection(ExtensibilityGlobals) = postSolution
		SolutionGuid = {3A1A62AD-30F9-44C5-97F7-AC9788154FAD}
	EndGlobalSection
EndGlobal
